
Microsoft Visual Studio Solution File, Format Version 12.00
Project("{FAE04EC0-301F-11D3-BF4B-00C04F79EFBC}") = "Project_Sun_1", "Project_Sun_1\Project_Sun_1.csproj", "{C7783807-ECB7-422F-8241-146EF1C39F81}"
EndProject
Global
	GlobalSection(SolutionConfigurationPlatforms) = preSolution
		Debug|Any CPU = Debug|Any CPU
		Release|Any CPU = Release|Any CPU
	EndGlobalSection
	GlobalSection(ProjectConfigurationPlatforms) = postSolution
		{C7783807-ECB7-422F-8241-146EF1C39F81}.Debug|Any CPU.ActiveCfg = Debug|Any CPU
		{C7783807-ECB7-422F-8241-146EF1C39F81}.Debug|Any CPU.Build.0 = Debug|Any CPU
		{C7783807-ECB7-422F-8241-146EF1C39F81}.Release|Any CPU.ActiveCfg = Release|Any CPU
		{C7783807-ECB7-422F-8241-146EF1C39F81}.Release|Any CPU.Build.0 = Release|Any CPU
	EndGlobalSection
EndGlobal
